
Microsoft Visual Studio Solution File, Format Version 12.00
# Visual Studio 15
VisualStudioVersion = 15.0.27703.2035
MinimumVisualStudioVersion = 10.0.40219.1
Project("{9A19103F-16F7-4668-BE54-9A1E7A4F7556}") = "PizzaStore.Library", "PizzaStore.Library\PizzaStore.Library.csproj", "{4FB3928E-23C2-4D82-BC37-E55BD879F511}"
EndProject
Project("{9A19103F-16F7-4668-BE54-9A1E7A4F7556}") = "PizzaStoreTest", "PizzaStoreTest\PizzaStoreTest.csproj", "{9DE563B3-367A-43EE-B096-1C3392451E4B}"
EndProject
Project("{9A19103F-16F7-4668-BE54-9A1E7A4F7556}") = "PizzaStore.UI", "PizzaStore.UI\PizzaStore.UI.csproj", "{4403C941-2144-4E3E-8882-703716188E02}"
EndProject
Project("{9A19103F-16F7-4668-BE54-9A1E7A4F7556}") = "PizzaStore.Data", "PizzaStore.Data\PizzaStore.Data.csproj", "{3AF70EF9-4669-44DE-ACB3-557B71EC88CC}"
EndProject
Project("{FAE04EC0-301F-11D3-BF4B-00C04F79EFBC}") = "PizzaStore.WebApp", "PizzaStore.WebApp\PizzaStore.WebApp.csproj", "{FEB22085-E5AA-49C8-BE20-0D07CF42182A}"
EndProject
Global
	GlobalSection(SolutionConfigurationPlatforms) = preSolution
		Debug|Any CPU = Debug|Any CPU
		Release|Any CPU = Release|Any CPU
	EndGlobalSection
	GlobalSection(ProjectConfigurationPlatforms) = postSolution
		{4FB3928E-23C2-4D82-BC37-E55BD879F511}.Debug|Any CPU.ActiveCfg = Debug|Any CPU
		{4FB3928E-23C2-4D82-BC37-E55BD879F511}.Debug|Any CPU.Build.0 = Debug|Any CPU
		{4FB3928E-23C2-4D82-BC37-E55BD879F511}.Release|Any CPU.ActiveCfg = Release|Any CPU
		{4FB3928E-23C2-4D82-BC37-E55BD879F511}.Release|Any CPU.Build.0 = Release|Any CPU
		{9DE563B3-367A-43EE-B096-1C3392451E4B}.Debug|Any CPU.ActiveCfg = Debug|Any CPU
		{9DE563B3-367A-43EE-B096-1C3392451E4B}.Debug|Any CPU.Build.0 = Debug|Any CPU
		{9DE563B3-367A-43EE-B096-1C3392451E4B}.Release|Any CPU.ActiveCfg = Release|Any CPU
		{9DE563B3-367A-43EE-B096-1C3392451E4B}.Release|Any CPU.Build.0 = Release|Any CPU
		{4403C941-2144-4E3E-8882-703716188E02}.Debug|Any CPU.ActiveCfg = Debug|Any CPU
		{4403C941-2144-4E3E-8882-703716188E02}.Debug|Any CPU.Build.0 = Debug|Any CPU
		{4403C941-2144-4E3E-8882-703716188E02}.Release|Any CPU.ActiveCfg = Release|Any CPU
		{4403C941-2144-4E3E-8882-703716188E02}.Release|Any CPU.Build.0 = Release|Any CPU
		{3AF70EF9-4669-44DE-ACB3-557B71EC88CC}.Debug|Any CPU.ActiveCfg = Debug|Any CPU
		{3AF70EF9-4669-44DE-ACB3-557B71EC88CC}.Debug|Any CPU.Build.0 = Debug|Any CPU
		{3AF70EF9-4669-44DE-ACB3-557B71EC88CC}.Release|Any CPU.ActiveCfg = Release|Any CPU
		{3AF70EF9-4669-44DE-ACB3-557B71EC88CC}.Release|Any CPU.Build.0 = Release|Any CPU
		{FEB22085-E5AA-49C8-BE20-0D07CF42182A}.Debug|Any CPU.ActiveCfg = Debug|Any CPU
		{FEB22085-E5AA-49C8-BE20-0D07CF42182A}.Debug|Any CPU.Build.0 = Debug|Any CPU
		{FEB22085-E5AA-49C8-BE20-0D07CF42182A}.Release|Any CPU.ActiveCfg = Release|Any CPU
		{FEB22085-E5AA-49C8-BE20-0D07CF42182A}.Release|Any CPU.Build.0 = Release|Any CPU
	EndGlobalSection
	GlobalSection(SolutionProperties) = preSolution
		HideSolutionNode = FALSE
	EndGlobalSection
	GlobalSection(ExtensibilityGlobals) = postSolution
		SolutionGuid = {221FC526-52AC-4C26-A689-03FC35D8E15A}
	EndGlobalSection
EndGlobal
